
Microsoft Visual Studio Solution File, Format Version 12.00
# Visual Studio Version 17
VisualStudioVersion = 17.4.33213.308
MinimumVisualStudioVersion = 10.0.40219.1
Project("{FAE04EC0-301F-11D3-BF4B-00C04F79EFBC}") = "Escuela-Vladimir", "Escuela-Vladimir\Escuela-Vladimir.csproj", "{42E45FAF-896F-4C6C-8EC6-C9EDD45F3DA7}"
EndProject
Global
	GlobalSection(SolutionConfigurationPlatforms) = preSolution
		Debug|Any CPU = Debug|Any CPU
		Release|Any CPU = Release|Any CPU
	EndGlobalSection
	GlobalSection(ProjectConfigurationPlatforms) = postSolution
		{42E45FAF-896F-4C6C-8EC6-C9EDD45F3DA7}.Debug|Any CPU.ActiveCfg = Debug|Any CPU
		{42E45FAF-896F-4C6C-8EC6-C9EDD45F3DA7}.Debug|Any CPU.Build.0 = Debug|Any CPU
		{42E45FAF-896F-4C6C-8EC6-C9EDD45F3DA7}.Release|Any CPU.ActiveCfg = Release|Any CPU
		{42E45FAF-896F-4C6C-8EC6-C9EDD45F3DA7}.Release|Any CPU.Build.0 = Release|Any CPU
	EndGlobalSection
	GlobalSection(SolutionProperties) = preSolution
		HideSolutionNode = FALSE
	EndGlobalSection
	GlobalSection(ExtensibilityGlobals) = postSolution
		SolutionGuid = {A5798814-AA5A-47B8-A954-70B53A4EEF8F}
	EndGlobalSection
EndGlobal
